
Microsoft Visual Studio Solution File, Format Version 12.00
# Visual Studio Version 16
VisualStudioVersion = 16.0.810.17
MinimumVisualStudioVersion = 10.0.40219.1
Project("{FAE04EC0-301F-11D3-BF4B-00C04F79EFBC}") = "Lektion03", "Lektion03\Lektion03.csproj", "{80E50732-2088-46DB-9E93-F80F1168F99C}"
EndProject
Global
	GlobalSection(SolutionConfigurationPlatforms) = preSolution
		Debug|Any CPU = Debug|Any CPU
		Release|Any CPU = Release|Any CPU
	EndGlobalSection
	GlobalSection(ProjectConfigurationPlatforms) = postSolution
		{80E50732-2088-46DB-9E93-F80F1168F99C}.Debug|Any CPU.ActiveCfg = Debug|Any CPU
		{80E50732-2088-46DB-9E93-F80F1168F99C}.Debug|Any CPU.Build.0 = Debug|Any CPU
		{80E50732-2088-46DB-9E93-F80F1168F99C}.Release|Any CPU.ActiveCfg = Release|Any CPU
		{80E50732-2088-46DB-9E93-F80F1168F99C}.Release|Any CPU.Build.0 = Release|Any CPU
	EndGlobalSection
	GlobalSection(SolutionProperties) = preSolution
		HideSolutionNode = FALSE
	EndGlobalSection
	GlobalSection(ExtensibilityGlobals) = postSolution
		SolutionGuid = {3ED437B4-B324-419C-B519-48F6495DB13A}
	EndGlobalSection
EndGlobal
