
Microsoft Visual Studio Solution File, Format Version 12.00
# Visual Studio Version 17
VisualStudioVersion = 17.1.32210.238
MinimumVisualStudioVersion = 10.0.40219.1
Project("{9A19103F-16F7-4668-BE54-9A1E7A4F7556}") = "Lektion06_forsat", "Lektion06_forsat\Lektion06_forsat.csproj", "{12C11319-A1C0-4BBB-8332-33EE7B8A8379}"
EndProject
Project("{FAE04EC0-301F-11D3-BF4B-00C04F79EFBC}") = "Lektion06_6_7", "Lektion06_6_7\Lektion06_6_7.csproj", "{3CF20A4A-FD1D-4794-80F0-3B74F78812DD}"
EndProject
Global
	GlobalSection(SolutionConfigurationPlatforms) = preSolution
		Debug|Any CPU = Debug|Any CPU
		Release|Any CPU = Release|Any CPU
	EndGlobalSection
	GlobalSection(ProjectConfigurationPlatforms) = postSolution
		{12C11319-A1C0-4BBB-8332-33EE7B8A8379}.Debug|Any CPU.ActiveCfg = Debug|Any CPU
		{12C11319-A1C0-4BBB-8332-33EE7B8A8379}.Debug|Any CPU.Build.0 = Debug|Any CPU
		{12C11319-A1C0-4BBB-8332-33EE7B8A8379}.Release|Any CPU.ActiveCfg = Release|Any CPU
		{12C11319-A1C0-4BBB-8332-33EE7B8A8379}.Release|Any CPU.Build.0 = Release|Any CPU
		{3CF20A4A-FD1D-4794-80F0-3B74F78812DD}.Debug|Any CPU.ActiveCfg = Debug|Any CPU
		{3CF20A4A-FD1D-4794-80F0-3B74F78812DD}.Debug|Any CPU.Build.0 = Debug|Any CPU
		{3CF20A4A-FD1D-4794-80F0-3B74F78812DD}.Release|Any CPU.ActiveCfg = Release|Any CPU
		{3CF20A4A-FD1D-4794-80F0-3B74F78812DD}.Release|Any CPU.Build.0 = Release|Any CPU
	EndGlobalSection
	GlobalSection(SolutionProperties) = preSolution
		HideSolutionNode = FALSE
	EndGlobalSection
	GlobalSection(ExtensibilityGlobals) = postSolution
		SolutionGuid = {65C81580-94C7-43B4-BEB1-CA482AEED007}
	EndGlobalSection
EndGlobal
